
Microsoft Visual Studio Solution File, Format Version 12.00
# Visual Studio Version 16
VisualStudioVersion = 16.0.32106.194
MinimumVisualStudioVersion = 10.0.40219.1
Project("{F184B08F-C81C-45F6-A57F-5ABD9991F28F}") = "Most Rainfal in the USA1", "Most Rainfal in the USA1\Most Rainfal in the USA1.vbproj", "{B5DEA6D8-D705-409C-83B1-061FF7173404}"
EndProject
Global
	GlobalSection(SolutionConfigurationPlatforms) = preSolution
		Debug|Any CPU = Debug|Any CPU
		Release|Any CPU = Release|Any CPU
	EndGlobalSection
	GlobalSection(ProjectConfigurationPlatforms) = postSolution
		{B5DEA6D8-D705-409C-83B1-061FF7173404}.Debug|Any CPU.ActiveCfg = Debug|Any CPU
		{B5DEA6D8-D705-409C-83B1-061FF7173404}.Debug|Any CPU.Build.0 = Debug|Any CPU
		{B5DEA6D8-D705-409C-83B1-061FF7173404}.Release|Any CPU.ActiveCfg = Release|Any CPU
		{B5DEA6D8-D705-409C-83B1-061FF7173404}.Release|Any CPU.Build.0 = Release|Any CPU
	EndGlobalSection
	GlobalSection(SolutionProperties) = preSolution
		HideSolutionNode = FALSE
	EndGlobalSection
	GlobalSection(ExtensibilityGlobals) = postSolution
		SolutionGuid = {262318CD-7550-4D58-8535-6CAAC8F99C05}
	EndGlobalSection
EndGlobal
