
Microsoft Visual Studio Solution File, Format Version 12.00
# Visual Studio Version 16
VisualStudioVersion = 16.0.32106.194
MinimumVisualStudioVersion = 10.0.40219.1
Project("{F184B08F-C81C-45F6-A57F-5ABD9991F28F}") = "Latte Selection", "Latte Selection\Latte Selection.vbproj", "{AA156C33-CD29-4E29-AA4B-98220A913EA0}"
EndProject
Global
	GlobalSection(SolutionConfigurationPlatforms) = preSolution
		Debug|Any CPU = Debug|Any CPU
		Release|Any CPU = Release|Any CPU
	EndGlobalSection
	GlobalSection(ProjectConfigurationPlatforms) = postSolution
		{AA156C33-CD29-4E29-AA4B-98220A913EA0}.Debug|Any CPU.ActiveCfg = Debug|Any CPU
		{AA156C33-CD29-4E29-AA4B-98220A913EA0}.Debug|Any CPU.Build.0 = Debug|Any CPU
		{AA156C33-CD29-4E29-AA4B-98220A913EA0}.Release|Any CPU.ActiveCfg = Release|Any CPU
		{AA156C33-CD29-4E29-AA4B-98220A913EA0}.Release|Any CPU.Build.0 = Release|Any CPU
	EndGlobalSection
	GlobalSection(SolutionProperties) = preSolution
		HideSolutionNode = FALSE
	EndGlobalSection
	GlobalSection(ExtensibilityGlobals) = postSolution
		SolutionGuid = {557FA0D6-3C94-46B5-A8C7-C02ED662EA49}
	EndGlobalSection
EndGlobal
