
Microsoft Visual Studio Solution File, Format Version 12.00
# Visual Studio Version 16
VisualStudioVersion = 16.0.32106.194
MinimumVisualStudioVersion = 10.0.40219.1
Project("{F184B08F-C81C-45F6-A57F-5ABD9991F28F}") = "Broadway Ticket Group Discount", "Broadway Ticket Group Discount\Broadway Ticket Group Discount.vbproj", "{D3BEE88E-E65D-4F54-B9A4-9A4B816A9F51}"
EndProject
Global
	GlobalSection(SolutionConfigurationPlatforms) = preSolution
		Debug|Any CPU = Debug|Any CPU
		Release|Any CPU = Release|Any CPU
	EndGlobalSection
	GlobalSection(ProjectConfigurationPlatforms) = postSolution
		{D3BEE88E-E65D-4F54-B9A4-9A4B816A9F51}.Debug|Any CPU.ActiveCfg = Debug|Any CPU
		{D3BEE88E-E65D-4F54-B9A4-9A4B816A9F51}.Debug|Any CPU.Build.0 = Debug|Any CPU
		{D3BEE88E-E65D-4F54-B9A4-9A4B816A9F51}.Release|Any CPU.ActiveCfg = Release|Any CPU
		{D3BEE88E-E65D-4F54-B9A4-9A4B816A9F51}.Release|Any CPU.Build.0 = Release|Any CPU
	EndGlobalSection
	GlobalSection(SolutionProperties) = preSolution
		HideSolutionNode = FALSE
	EndGlobalSection
	GlobalSection(ExtensibilityGlobals) = postSolution
		SolutionGuid = {434EC8F0-E42D-4F52-88EF-1F9FE3109E57}
	EndGlobalSection
EndGlobal
